// !$*UTF8*$!
{
	archiveVersion = 1;
	classes = {
	};
	objectVersion = 51;
	objects = {

/* Begin PBXBuildFile section */
		30FEEE0E3E71151E5A2EC86B /* Pods_YYxTemplate_51Area.framework in Frameworks */ = {isa = PBXBuildFile; fileRef = 0FD21B1DBDE69F2D108D159E /* Pods_YYxTemplate_51Area.framework */; };
		6F421B2B2553B67D00005240 /* AppDelegate.swift in Sources */ = {isa = PBXBuildFile; fileRef = 6F421B2A2553B67D00005240 /* AppDelegate.swift */; };
		6F421B2D2553B67D00005240 /* SceneDelegate.swift in Sources */ = {isa = PBXBuildFile; fileRef = 6F421B2C2553B67D00005240 /* SceneDelegate.swift */; };
		6F421B2F2553B67D00005240 /* ViewController.swift in Sources */ = {isa = PBXBuildFile; fileRef = 6F421B2E2553B67D00005240 /* ViewController.swift */; };
		6F421B322553B67D00005240 /* Main.storyboard in Resources */ = {isa = PBXBuildFile; fileRef = 6F421B302553B67D00005240 /* Main.storyboard */; };
		6F421B352553B67D00005240 /* YYxTemplate_51Area.xcdatamodeld in Sources */ = {isa = PBXBuildFile; fileRef = 6F421B332553B67D00005240 /* YYxTemplate_51Area.xcdatamodeld */; };
		6F421B372553B68000005240 /* Assets.xcassets in Resources */ = {isa = PBXBuildFile; fileRef = 6F421B362553B68000005240 /* Assets.xcassets */; };
		6F421B3A2553B68000005240 /* LaunchScreen.storyboard in Resources */ = {isa = PBXBuildFile; fileRef = 6F421B382553B68000005240 /* LaunchScreen.storyboard */; };
		6F421B452553B68000005240 /* YYxTemplate_51AreaTests.swift in Sources */ = {isa = PBXBuildFile; fileRef = 6F421B442553B68000005240 /* YYxTemplate_51AreaTests.swift */; };
		6F421B502553B68000005240 /* YYxTemplate_51AreaUITests.swift in Sources */ = {isa = PBXBuildFile; fileRef = 6F421B4F2553B68000005240 /* YYxTemplate_51AreaUITests.swift */; };
		6F726529255A8F8A00489B47 /* UIColor.swift in Sources */ = {isa = PBXBuildFile; fileRef = 6F726528255A8F8A00489B47 /* UIColor.swift */; };
		6F72652C255A903900489B47 /* TemplateViewController.swift in Sources */ = {isa = PBXBuildFile; fileRef = 6F72652B255A903900489B47 /* TemplateViewController.swift */; };
		6F72652E255A924C00489B47 /* TemplateView.swift in Sources */ = {isa = PBXBuildFile; fileRef = 6F72652D255A924C00489B47 /* TemplateView.swift */; };
		6F726530255A929400489B47 /* TemplateViewModel.swift in Sources */ = {isa = PBXBuildFile; fileRef = 6F72652F255A929400489B47 /* TemplateViewModel.swift */; };
		CF4DFE11BE532AF17A67F22E /* Pods_YYxTemplate_51AreaTests.framework in Frameworks */ = {isa = PBXBuildFile; fileRef = 82812015D73181D378B87970 /* Pods_YYxTemplate_51AreaTests.framework */; };
		EB24067E3736598174AB5C76 /* Pods_YYxTemplate_51Area_YYxTemplate_51AreaUITests.framework in Frameworks */ = {isa = PBXBuildFile; fileRef = 22A410FE48BB31C6F33C3CC7 /* Pods_YYxTemplate_51Area_YYxTemplate_51AreaUITests.framework */; };
/* End PBXBuildFile section */

/* Begin PBXContainerItemProxy section */
		6F421B412553B68000005240 /* PBXContainerItemProxy */ = {
			isa = PBXContainerItemProxy;
			containerPortal = 6F421B1F2553B67D00005240 /* Project object */;
			proxyType = 1;
			remoteGlobalIDString = 6F421B262553B67D00005240;
			remoteInfo = YYxTemplate_51Area;
		};
		6F421B4C2553B68000005240 /* PBXContainerItemProxy */ = {
			isa = PBXContainerItemProxy;
			containerPortal = 6F421B1F2553B67D00005240 /* Project object */;
			proxyType = 1;
			remoteGlobalIDString = 6F421B262553B67D00005240;
			remoteInfo = YYxTemplate_51Area;
		};
/* End PBXContainerItemProxy section */

/* Begin PBXFileReference section */
		0FD21B1DBDE69F2D108D159E /* Pods_YYxTemplate_51Area.framework */ = {isa = PBXFileReference; explicitFileType = wrapper.framework; includeInIndex = 0; path = Pods_YYxTemplate_51Area.framework; sourceTree = BUILT_PRODUCTS_DIR; };
		22A410FE48BB31C6F33C3CC7 /* Pods_YYxTemplate_51Area_YYxTemplate_51AreaUITests.framework */ = {isa = PBXFileReference; explicitFileType = wrapper.framework; includeInIndex = 0; path = Pods_YYxTemplate_51Area_YYxTemplate_51AreaUITests.framework; sourceTree = BUILT_PRODUCTS_DIR; };
		460928ACAF4DAEA96B4DBDB0 /* Pods-YYxTemplate_51Area-YYxTemplate_51AreaUITests.release.xcconfig */ = {isa = PBXFileReference; includeInIndex = 1; lastKnownFileType = text.xcconfig; name = "Pods-YYxTemplate_51Area-YYxTemplate_51AreaUITests.release.xcconfig"; path = "Target Support Files/Pods-YYxTemplate_51Area-YYxTemplate_51AreaUITests/Pods-YYxTemplate_51Area-YYxTemplate_51AreaUITests.release.xcconfig"; sourceTree = "<group>"; };
		645DB4F585B99EE4FB373804 /* Pods-YYxTemplate_51Area-YYxTemplate_51AreaUITests.debug.xcconfig */ = {isa = PBXFileReference; includeInIndex = 1; lastKnownFileType = text.xcconfig; name = "Pods-YYxTemplate_51Area-YYxTemplate_51AreaUITests.debug.xcconfig"; path = "Target Support Files/Pods-YYxTemplate_51Area-YYxTemplate_51AreaUITests/Pods-YYxTemplate_51Area-YYxTemplate_51AreaUITests.debug.xcconfig"; sourceTree = "<group>"; };
		66F60842DD317FE90E4455E3 /* Pods-YYxTemplate_51AreaTests.debug.xcconfig */ = {isa = PBXFileReference; includeInIndex = 1; lastKnownFileType = text.xcconfig; name = "Pods-YYxTemplate_51AreaTests.debug.xcconfig"; path = "Target Support Files/Pods-YYxTemplate_51AreaTests/Pods-YYxTemplate_51AreaTests.debug.xcconfig"; sourceTree = "<group>"; };
		6F421B272553B67D00005240 /* YYxTemplate_51Area.app */ = {isa = PBXFileReference; explicitFileType = wrapper.application; includeInIndex = 0; path = YYxTemplate_51Area.app; sourceTree = BUILT_PRODUCTS_DIR; };
		6F421B2A2553B67D00005240 /* AppDelegate.swift */ = {isa = PBXFileReference; lastKnownFileType = sourcecode.swift; path = AppDelegate.swift; sourceTree = "<group>"; };
		6F421B2C2553B67D00005240 /* SceneDelegate.swift */ = {isa = PBXFileReference; lastKnownFileType = sourcecode.swift; path = SceneDelegate.swift; sourceTree = "<group>"; };
		6F421B2E2553B67D00005240 /* ViewController.swift */ = {isa = PBXFileReference; lastKnownFileType = sourcecode.swift; path = ViewController.swift; sourceTree = "<group>"; };
		6F421B312553B67D00005240 /* Base */ = {isa = PBXFileReference; lastKnownFileType = file.storyboard; name = Base; path = Base.lproj/Main.storyboard; sourceTree = "<group>"; };
		6F421B342553B67D00005240 /* YYxTemplate_51Area.xcdatamodel */ = {isa = PBXFileReference; lastKnownFileType = wrapper.xcdatamodel; path = YYxTemplate_51Area.xcdatamodel; sourceTree = "<group>"; };
		6F421B362553B68000005240 /* Assets.xcassets */ = {isa = PBXFileReference; lastKnownFileType = folder.assetcatalog; path = Assets.xcassets; sourceTree = "<group>"; };
		6F421B392553B68000005240 /* Base */ = {isa = PBXFileReference; lastKnownFileType = file.storyboard; name = Base; path = Base.lproj/LaunchScreen.storyboard; sourceTree = "<group>"; };
		6F421B3B2553B68000005240 /* Info.plist */ = {isa = PBXFileReference; lastKnownFileType = text.plist.xml; path = Info.plist; sourceTree = "<group>"; };
		6F421B402553B68000005240 /* YYxTemplate_51AreaTests.xctest */ = {isa = PBXFileReference; explicitFileType = wrapper.cfbundle; includeInIndex = 0; path = YYxTemplate_51AreaTests.xctest; sourceTree = BUILT_PRODUCTS_DIR; };
		6F421B442553B68000005240 /* YYxTemplate_51AreaTests.swift */ = {isa = PBXFileReference; lastKnownFileType = sourcecode.swift; path = YYxTemplate_51AreaTests.swift; sourceTree = "<group>"; };
		6F421B462553B68000005240 /* Info.plist */ = {isa = PBXFileReference; lastKnownFileType = text.plist.xml; path = Info.plist; sourceTree = "<group>"; };
		6F421B4B2553B68000005240 /* YYxTemplate_51AreaUITests.xctest */ = {isa = PBXFileReference; explicitFileType = wrapper.cfbundle; includeInIndex = 0; path = YYxTemplate_51AreaUITests.xctest; sourceTree = BUILT_PRODUCTS_DIR; };
		6F421B4F2553B68000005240 /* YYxTemplate_51AreaUITests.swift */ = {isa = PBXFileReference; lastKnownFileType = sourcecode.swift; path = YYxTemplate_51AreaUITests.swift; sourceTree = "<group>"; };
		6F421B512553B68000005240 /* Info.plist */ = {isa = PBXFileReference; lastKnownFileType = text.plist.xml; path = Info.plist; sourceTree = "<group>"; };
		6F726528255A8F8A00489B47 /* UIColor.swift */ = {isa = PBXFileReference; lastKnownFileType = sourcecode.swift; path = UIColor.swift; sourceTree = "<group>"; };
		6F72652B255A903900489B47 /* TemplateViewController.swift */ = {isa = PBXFileReference; lastKnownFileType = sourcecode.swift; path = TemplateViewController.swift; sourceTree = "<group>"; };
		6F72652D255A924C00489B47 /* TemplateView.swift */ = {isa = PBXFileReference; fileEncoding = 4; lastKnownFileType = sourcecode.swift; path = TemplateView.swift; sourceTree = "<group>"; };
		6F72652F255A929400489B47 /* TemplateViewModel.swift */ = {isa = PBXFileReference; lastKnownFileType = sourcecode.swift; path = TemplateViewModel.swift; sourceTree = "<group>"; };
		82812015D73181D378B87970 /* Pods_YYxTemplate_51AreaTests.framework */ = {isa = PBXFileReference; explicitFileType = wrapper.framework; includeInIndex = 0; path = Pods_YYxTemplate_51AreaTests.framework; sourceTree = BUILT_PRODUCTS_DIR; };
		90BAA3EDBBC764746EDC35F0 /* Pods-YYxTemplate_51AreaTests.release.xcconfig */ = {isa = PBXFileReference; includeInIndex = 1; lastKnownFileType = text.xcconfig; name = "Pods-YYxTemplate_51AreaTests.release.xcconfig"; path = "Target Support Files/Pods-YYxTemplate_51AreaTests/Pods-YYxTemplate_51AreaTests.release.xcconfig"; sourceTree = "<group>"; };
		A45DF08B520FEA139D6C2DBD /* Pods-YYxTemplate_51Area.release.xcconfig */ = {isa = PBXFileReference; includeInIndex = 1; lastKnownFileType = text.xcconfig; name = "Pods-YYxTemplate_51Area.release.xcconfig"; path = "Target Support Files/Pods-YYxTemplate_51Area/Pods-YYxTemplate_51Area.release.xcconfig"; sourceTree = "<group>"; };
		B98F4A8BA8E758C3373D37CA /* Pods-YYxTemplate_51Area.debug.xcconfig */ = {isa = PBXFileReference; includeInIndex = 1; lastKnownFileType = text.xcconfig; name = "Pods-YYxTemplate_51Area.debug.xcconfig"; path = "Target Support Files/Pods-YYxTemplate_51Area/Pods-YYxTemplate_51Area.debug.xcconfig"; sourceTree = "<group>"; };
/* End PBXFileReference section */

/* Begin PBXFrameworksBuildPhase section */
		6F421B242553B67D00005240 /* Frameworks */ = {
			isa = PBXFrameworksBuildPhase;
			buildActionMask = 2147483647;
			files = (
				30FEEE0E3E71151E5A2EC86B /* Pods_YYxTemplate_51Area.framework in Frameworks */,
			);
			runOnlyForDeploymentPostprocessing = 0;
		};
		6F421B3D2553B68000005240 /* Frameworks */ = {
			isa = PBXFrameworksBuildPhase;
			buildActionMask = 2147483647;
			files = (
				CF4DFE11BE532AF17A67F22E /* Pods_YYxTemplate_51AreaTests.framework in Frameworks */,
			);
			runOnlyForDeploymentPostprocessing = 0;
		};
		6F421B482553B68000005240 /* Frameworks */ = {
			isa = PBXFrameworksBuildPhase;
			buildActionMask = 2147483647;
			files = (
				EB24067E3736598174AB5C76 /* Pods_YYxTemplate_51Area_YYxTemplate_51AreaUITests.framework in Frameworks */,
			);
			runOnlyForDeploymentPostprocessing = 0;
		};
/* End PBXFrameworksBuildPhase section */

/* Begin PBXGroup section */
		07711C660AB0C8D3681F637B /* Frameworks */ = {
			isa = PBXGroup;
			children = (
				0FD21B1DBDE69F2D108D159E /* Pods_YYxTemplate_51Area.framework */,
				22A410FE48BB31C6F33C3CC7 /* Pods_YYxTemplate_51Area_YYxTemplate_51AreaUITests.framework */,
				82812015D73181D378B87970 /* Pods_YYxTemplate_51AreaTests.framework */,
			);
			name = Frameworks;
			sourceTree = "<group>";
		};
		6F421B1E2553B67D00005240 = {
			isa = PBXGroup;
			children = (
				6F421B292553B67D00005240 /* YYxTemplate_51Area */,
				6F421B432553B68000005240 /* YYxTemplate_51AreaTests */,
				6F421B4E2553B68000005240 /* YYxTemplate_51AreaUITests */,
				6F421B282553B67D00005240 /* Products */,
				84A4EE5AA4491DF775A36B6B /* Pods */,
				07711C660AB0C8D3681F637B /* Frameworks */,
			);
			sourceTree = "<group>";
		};
		6F421B282553B67D00005240 /* Products */ = {
			isa = PBXGroup;
			children = (
				6F421B272553B67D00005240 /* YYxTemplate_51Area.app */,
				6F421B402553B68000005240 /* YYxTemplate_51AreaTests.xctest */,
				6F421B4B2553B68000005240 /* YYxTemplate_51AreaUITests.xctest */,
			);
			name = Products;
			sourceTree = "<group>";
		};
		6F421B292553B67D00005240 /* YYxTemplate_51Area */ = {
			isa = PBXGroup;
			children = (
				6F72652A255A900C00489B47 /* Template */,
				6F726527255A8F6400489B47 /* UIKitExtension */,
				6F421B2A2553B67D00005240 /* AppDelegate.swift */,
				6F421B2C2553B67D00005240 /* SceneDelegate.swift */,
				6F421B2E2553B67D00005240 /* ViewController.swift */,
				6F421B302553B67D00005240 /* Main.storyboard */,
				6F421B362553B68000005240 /* Assets.xcassets */,
				6F421B382553B68000005240 /* LaunchScreen.storyboard */,
				6F421B3B2553B68000005240 /* Info.plist */,
				6F421B332553B67D00005240 /* YYxTemplate_51Area.xcdatamodeld */,
			);
			path = YYxTemplate_51Area;
			sourceTree = "<group>";
		};
		6F421B432553B68000005240 /* YYxTemplate_51AreaTests */ = {
			isa = PBXGroup;
			children = (
				6F421B442553B68000005240 /* YYxTemplate_51AreaTests.swift */,
				6F421B462553B68000005240 /* Info.plist */,
			);
			path = YYxTemplate_51AreaTests;
			sourceTree = "<group>";
		};
		6F421B4E2553B68000005240 /* YYxTemplate_51AreaUITests */ = {
			isa = PBXGroup;
			children = (
				6F421B4F2553B68000005240 /* YYxTemplate_51AreaUITests.swift */,
				6F421B512553B68000005240 /* Info.plist */,
			);
			path = YYxTemplate_51AreaUITests;
			sourceTree = "<group>";
		};
		6F726527255A8F6400489B47 /* UIKitExtension */ = {
			isa = PBXGroup;
			children = (
				6F726528255A8F8A00489B47 /* UIColor.swift */,
			);
			path = UIKitExtension;
			sourceTree = "<group>";
		};
		6F72652A255A900C00489B47 /* Template */ = {
			isa = PBXGroup;
			children = (
				6F72652B255A903900489B47 /* TemplateViewController.swift */,
				6F72652F255A929400489B47 /* TemplateViewModel.swift */,
				6F72652D255A924C00489B47 /* TemplateView.swift */,
			);
			path = Template;
			sourceTree = "<group>";
		};
		84A4EE5AA4491DF775A36B6B /* Pods */ = {
			isa = PBXGroup;
			children = (
				B98F4A8BA8E758C3373D37CA /* Pods-YYxTemplate_51Area.debug.xcconfig */,
				A45DF08B520FEA139D6C2DBD /* Pods-YYxTemplate_51Area.release.xcconfig */,
				645DB4F585B99EE4FB373804 /* Pods-YYxTemplate_51Area-YYxTemplate_51AreaUITests.debug.xcconfig */,
				460928ACAF4DAEA96B4DBDB0 /* Pods-YYxTemplate_51Area-YYxTemplate_51AreaUITests.release.xcconfig */,
				66F60842DD317FE90E4455E3 /* Pods-YYxTemplate_51AreaTests.debug.xcconfig */,
				90BAA3EDBBC764746EDC35F0 /* Pods-YYxTemplate_51AreaTests.release.xcconfig */,
			);
			path = Pods;
			sourceTree = "<group>";
		};
/* End PBXGroup section */

/* Begin PBXNativeTarget section */
		6F421B262553B67D00005240 /* YYxTemplate_51Area */ = {
			isa = PBXNativeTarget;
			buildConfigurationList = 6F421B542553B68000005240 /* Build configuration list for PBXNativeTarget "YYxTemplate_51Area" */;
			buildPhases = (
				2497850626CB362943C18602 /* [CP] Check Pods Manifest.lock */,
				6F421B232553B67D00005240 /* Sources */,
				6F421B242553B67D00005240 /* Frameworks */,
				6F421B252553B67D00005240 /* Resources */,
				A5ADF951DDA7E8CFD548266F /* [CP] Embed Pods Frameworks */,
			);
			buildRules = (
			);
			dependencies = (
			);
			name = YYxTemplate_51Area;
			productName = YYxTemplate_51Area;
			productReference = 6F421B272553B67D00005240 /* YYxTemplate_51Area.app */;
			productType = "com.apple.product-type.application";
		};
		6F421B3F2553B68000005240 /* YYxTemplate_51AreaTests */ = {
			isa = PBXNativeTarget;
			buildConfigurationList = 6F421B572553B68000005240 /* Build configuration list for PBXNativeTarget "YYxTemplate_51AreaTests" */;
			buildPhases = (
				8625EC9AE0BAE1522FC2B43C /* [CP] Check Pods Manifest.lock */,
				6F421B3C2553B68000005240 /* Sources */,
				6F421B3D2553B68000005240 /* Frameworks */,
				6F421B3E2553B68000005240 /* Resources */,
			);
			buildRules = (
			);
			dependencies = (
				6F421B422553B68000005240 /* PBXTargetDependency */,
			);
			name = YYxTemplate_51AreaTests;
			productName = YYxTemplate_51AreaTests;
			productReference = 6F421B402553B68000005240 /* YYxTemplate_51AreaTests.xctest */;
			productType = "com.apple.product-type.bundle.unit-test";
		};
		6F421B4A2553B68000005240 /* YYxTemplate_51AreaUITests */ = {
			isa = PBXNativeTarget;
			buildConfigurationList = 6F421B5A2553B68000005240 /* Build configuration list for PBXNativeTarget "YYxTemplate_51AreaUITests" */;
			buildPhases = (
				8D8937031B41860177F982F4 /* [CP] Check Pods Manifest.lock */,
				6F421B472553B68000005240 /* Sources */,
				6F421B482553B68000005240 /* Frameworks */,
				6F421B492553B68000005240 /* Resources */,
				343552FD53D221FB97D6A844 /* [CP] Embed Pods Frameworks */,
			);
			buildRules = (
			);
			dependencies = (
				6F421B4D2553B68000005240 /* PBXTargetDependency */,
			);
			name = YYxTemplate_51AreaUITests;
			productName = YYxTemplate_51AreaUITests;
			productReference = 6F421B4B2553B68000005240 /* YYxTemplate_51AreaUITests.xctest */;
			productType = "com.apple.product-type.bundle.ui-testing";
		};
/* End PBXNativeTarget section */

/* Begin PBXProject section */
		6F421B1F2553B67D00005240 /* Project object */ = {
			isa = PBXProject;
			attributes = {
				LastSwiftUpdateCheck = 1160;
				LastUpgradeCheck = 1160;
				ORGANIZATIONNAME = young;
				TargetAttributes = {
					6F421B262553B67D00005240 = {
						CreatedOnToolsVersion = 11.6;
					};
					6F421B3F2553B68000005240 = {
						CreatedOnToolsVersion = 11.6;
						TestTargetID = 6F421B262553B67D00005240;
					};
					6F421B4A2553B68000005240 = {
						CreatedOnToolsVersion = 11.6;
						TestTargetID = 6F421B262553B67D00005240;
					};
				};
			};
			buildConfigurationList = 6F421B222553B67D00005240 /* Build configuration list for PBXProject "YYxTemplate_51Area" */;
			compatibilityVersion = "Xcode 9.3";
			developmentRegion = en;
			hasScannedForEncodings = 0;
			knownRegions = (
				en,
				Base,
			);
			mainGroup = 6F421B1E2553B67D00005240;
			productRefGroup = 6F421B282553B67D00005240 /* Products */;
			projectDirPath = "";
			projectRoot = "";
			targets = (
				6F421B262553B67D00005240 /* YYxTemplate_51Area */,
				6F421B3F2553B68000005240 /* YYxTemplate_51AreaTests */,
				6F421B4A2553B68000005240 /* YYxTemplate_51AreaUITests */,
			);
		};
/* End PBXProject section */

/* Begin PBXResourcesBuildPhase section */
		6F421B252553B67D00005240 /* Resources */ = {
			isa = PBXResourcesBuildPhase;
			buildActionMask = 2147483647;
			files = (
				6F421B3A2553B68000005240 /* LaunchScreen.storyboard in Resources */,
				6F421B372553B68000005240 /* Assets.xcassets in Resources */,
				6F421B322553B67D00005240 /* Main.storyboard in Resources */,
			);
			runOnlyForDeploymentPostprocessing = 0;
		};
		6F421B3E2553B68000005240 /* Resources */ = {
			isa = PBXResourcesBuildPhase;
			buildActionMask = 2147483647;
			files = (
			);
			runOnlyForDeploymentPostprocessing = 0;
		};
		6F421B492553B68000005240 /* Resources */ = {
			isa = PBXResourcesBuildPhase;
			buildActionMask = 2147483647;
			files = (
			);
			runOnlyForDeploymentPostprocessing = 0;
		};
/* End PBXResourcesBuildPhase section */

/* Begin PBXShellScriptBuildPhase section */
		2497850626CB362943C18602 /* [CP] Check Pods Manifest.lock */ = {
			isa = PBXShellScriptBuildPhase;
			buildActionMask = 2147483647;
			files = (
			);
			inputFileListPaths = (
			);
			inputPaths = (
				"${PODS_PODFILE_DIR_PATH}/Podfile.lock",
				"${PODS_ROOT}/Manifest.lock",
			);
			name = "[CP] Check Pods Manifest.lock";
			outputFileListPaths = (
			);
			outputPaths = (
				"$(DERIVED_FILE_DIR)/Pods-YYxTemplate_51Area-checkManifestLockResult.txt",
			);
			runOnlyForDeploymentPostprocessing = 0;
			shellPath = /bin/sh;
			shellScript = "diff \"${PODS_PODFILE_DIR_PATH}/Podfile.lock\" \"${PODS_ROOT}/Manifest.lock\" > /dev/null\nif [ $? != 0 ] ; then\n    # print error to STDERR\n    echo \"error: The sandbox is not in sync with the Podfile.lock. Run 'pod install' or update your CocoaPods installation.\" >&2\n    exit 1\nfi\n# This output is used by Xcode 'outputs' to avoid re-running this script phase.\necho \"SUCCESS\" > \"${SCRIPT_OUTPUT_FILE_0}\"\n";
			showEnvVarsInLog = 0;
		};
		343552FD53D221FB97D6A844 /* [CP] Embed Pods Frameworks */ = {
			isa = PBXShellScriptBuildPhase;
			buildActionMask = 2147483647;
			files = (
			);
			inputFileListPaths = (
				"${PODS_ROOT}/Target Support Files/Pods-YYxTemplate_51Area-YYxTemplate_51AreaUITests/Pods-YYxTemplate_51Area-YYxTemplate_51AreaUITests-frameworks-${CONFIGURATION}-input-files.xcfilelist",
			);
			name = "[CP] Embed Pods Frameworks";
			outputFileListPaths = (
				"${PODS_ROOT}/Target Support Files/Pods-YYxTemplate_51Area-YYxTemplate_51AreaUITests/Pods-YYxTemplate_51Area-YYxTemplate_51AreaUITests-frameworks-${CONFIGURATION}-output-files.xcfilelist",
			);
			runOnlyForDeploymentPostprocessing = 0;
			shellPath = /bin/sh;
			shellScript = "\"${PODS_ROOT}/Target Support Files/Pods-YYxTemplate_51Area-YYxTemplate_51AreaUITests/Pods-YYxTemplate_51Area-YYxTemplate_51AreaUITests-frameworks.sh\"\n";
			showEnvVarsInLog = 0;
		};
		8625EC9AE0BAE1522FC2B43C /* [CP] Check Pods Manifest.lock */ = {
			isa = PBXShellScriptBuildPhase;
			buildActionMask = 2147483647;
			files = (
			);
			inputFileListPaths = (
			);
			inputPaths = (
				"${PODS_PODFILE_DIR_PATH}/Podfile.lock",
				"${PODS_ROOT}/Manifest.lock",
			);
			name = "[CP] Check Pods Manifest.lock";
			outputFileListPaths = (
			);
			outputPaths = (
				"$(DERIVED_FILE_DIR)/Pods-YYxTemplate_51AreaTests-checkManifestLockResult.txt",
			);
			runOnlyForDeploymentPostprocessing = 0;
			shellPath = /bin/sh;
			shellScript = "diff \"${PODS_PODFILE_DIR_PATH}/Podfile.lock\" \"${PODS_ROOT}/Manifest.lock\" > /dev/null\nif [ $? != 0 ] ; then\n    # print error to STDERR\n    echo \"error: The sandbox is not in sync with the Podfile.lock. Run 'pod install' or update your CocoaPods installation.\" >&2\n    exit 1\nfi\n# This output is used by Xcode 'outputs' to avoid re-running this script phase.\necho \"SUCCESS\" > \"${SCRIPT_OUTPUT_FILE_0}\"\n";
			showEnvVarsInLog = 0;
		};
		8D8937031B41860177F982F4 /* [CP] Check Pods Manifest.lock */ = {
			isa = PBXShellScriptBuildPhase;
			buildActionMask = 2147483647;
			files = (
			);
			inputFileListPaths = (
			);
			inputPaths = (
				"${PODS_PODFILE_DIR_PATH}/Podfile.lock",
				"${PODS_ROOT}/Manifest.lock",
			);
			name = "[CP] Check Pods Manifest.lock";
			outputFileListPaths = (
			);
			outputPaths = (
				"$(DERIVED_FILE_DIR)/Pods-YYxTemplate_51Area-YYxTemplate_51AreaUITests-checkManifestLockResult.txt",
			);
			runOnlyForDeploymentPostprocessing = 0;
			shellPath = /bin/sh;
			shellScript = "diff \"${PODS_PODFILE_DIR_PATH}/Podfile.lock\" \"${PODS_ROOT}/Manifest.lock\" > /dev/null\nif [ $? != 0 ] ; then\n    # print error to STDERR\n    echo \"error: The sandbox is not in sync with the Podfile.lock. Run 'pod install' or update your CocoaPods installation.\" >&2\n    exit 1\nfi\n# This output is used by Xcode 'outputs' to avoid re-running this script phase.\necho \"SUCCESS\" > \"${SCRIPT_OUTPUT_FILE_0}\"\n";
			showEnvVarsInLog = 0;
		};
		A5ADF951DDA7E8CFD548266F /* [CP] Embed Pods Frameworks */ = {
			isa = PBXShellScriptBuildPhase;
			buildActionMask = 2147483647;
			files = (
			);
			inputFileListPaths = (
				"${PODS_ROOT}/Target Support Files/Pods-YYxTemplate_51Area/Pods-YYxTemplate_51Area-frameworks-${CONFIGURATION}-input-files.xcfilelist",
			);
			name = "[CP] Embed Pods Frameworks";
			outputFileListPaths = (
				"${PODS_ROOT}/Target Support Files/Pods-YYxTemplate_51Area/Pods-YYxTemplate_51Area-frameworks-${CONFIGURATION}-output-files.xcfilelist",
			);
			runOnlyForDeploymentPostprocessing = 0;
			shellPath = /bin/sh;
			shellScript = "\"${PODS_ROOT}/Target Support Files/Pods-YYxTemplate_51Area/Pods-YYxTemplate_51Area-frameworks.sh\"\n";
			showEnvVarsInLog = 0;
		};
/* End PBXShellScriptBuildPhase section */

/* Begin PBXSourcesBuildPhase section */
		6F421B232553B67D00005240 /* Sources */ = {
			isa = PBXSourcesBuildPhase;
			buildActionMask = 2147483647;
			files = (
				6F421B2F2553B67D00005240 /* ViewController.swift in Sources */,
				6F421B2B2553B67D00005240 /* AppDelegate.swift in Sources */,
				6F726530255A929400489B47 /* TemplateViewModel.swift in Sources */,
				6F72652C255A903900489B47 /* TemplateViewController.swift in Sources */,
				6F72652E255A924C00489B47 /* TemplateView.swift in Sources */,
				6F421B2D2553B67D00005240 /* SceneDelegate.swift in Sources */,
				6F421B352553B67D00005240 /* YYxTemplate_51Area.xcdatamodeld in Sources */,
				6F726529255A8F8A00489B47 /* UIColor.swift in Sources */,
			);
			runOnlyForDeploymentPostprocessing = 0;
		};
		6F421B3C2553B68000005240 /* Sources */ = {
			isa = PBXSourcesBuildPhase;
			buildActionMask = 2147483647;
			files = (
				6F421B452553B68000005240 /* YYxTemplate_51AreaTests.swift in Sources */,
			);
			runOnlyForDeploymentPostprocessing = 0;
		};
		6F421B472553B68000005240 /* Sources */ = {
			isa = PBXSourcesBuildPhase;
			buildActionMask = 2147483647;
			files = (
				6F421B502553B68000005240 /* YYxTemplate_51AreaUITests.swift in Sources */,
			);
			runOnlyForDeploymentPostprocessing = 0;
		};
/* End PBXSourcesBuildPhase section */

/* Begin PBXTargetDependency section */
		6F421B422553B68000005240 /* PBXTargetDependency */ = {
			isa = PBXTargetDependency;
			target = 6F421B262553B67D00005240 /* YYxTemplate_51Area */;
			targetProxy = 6F421B412553B68000005240 /* PBXContainerItemProxy */;
		};
		6F421B4D2553B68000005240 /* PBXTargetDependency */ = {
			isa = PBXTargetDependency;
			target = 6F421B262553B67D00005240 /* YYxTemplate_51Area */;
			targetProxy = 6F421B4C2553B68000005240 /* PBXContainerItemProxy */;
		};
/* End PBXTargetDependency section */

/* Begin PBXVariantGroup section */
		6F421B302553B67D00005240 /* Main.storyboard */ = {
			isa = PBXVariantGroup;
			children = (
				6F421B312553B67D00005240 /* Base */,
			);
			name = Main.storyboard;
			sourceTree = "<group>";
		};
		6F421B382553B68000005240 /* LaunchScreen.storyboard */ = {
			isa = PBXVariantGroup;
			children = (
				6F421B392553B68000005240 /* Base */,
			);
			name = LaunchScreen.storyboard;
			sourceTree = "<group>";
		};
/* End PBXVariantGroup section */

/* Begin XCBuildConfiguration section */
		6F421B522553B68000005240 /* Debug */ = {
			isa = XCBuildConfiguration;
			buildSettings = {
				ALWAYS_SEARCH_USER_PATHS = NO;
				CLANG_ANALYZER_NONNULL = YES;
				CLANG_ANALYZER_NUMBER_OBJECT_CONVERSION = YES_AGGRESSIVE;
				CLANG_CXX_LANGUAGE_STANDARD = "gnu++14";
				CLANG_CXX_LIBRARY = "libc++";
				CLANG_ENABLE_MODULES = YES;
				CLANG_ENABLE_OBJC_ARC = YES;
				CLANG_ENABLE_OBJC_WEAK = YES;
				CLANG_WARN_BLOCK_CAPTURE_AUTORELEASING = YES;
				CLANG_WARN_BOOL_CONVERSION = YES;
				CLANG_WARN_COMMA = YES;
				CLANG_WARN_CONSTANT_CONVERSION = YES;
				CLANG_WARN_DEPRECATED_OBJC_IMPLEMENTATIONS = YES;
				CLANG_WARN_DIRECT_OBJC_ISA_USAGE = YES_ERROR;
				CLANG_WARN_DOCUMENTATION_COMMENTS = YES;
				CLANG_WARN_EMPTY_BODY = YES;
				CLANG_WARN_ENUM_CONVERSION = YES;
				CLANG_WARN_INFINITE_RECURSION = YES;
				CLANG_WARN_INT_CONVERSION = YES;
				CLANG_WARN_NON_LITERAL_NULL_CONVERSION = YES;
				CLANG_WARN_OBJC_IMPLICIT_RETAIN_SELF = YES;
				CLANG_WARN_OBJC_LITERAL_CONVERSION = YES;
				CLANG_WARN_OBJC_ROOT_CLASS = YES_ERROR;
				CLANG_WARN_RANGE_LOOP_ANALYSIS = YES;
				CLANG_WARN_STRICT_PROTOTYPES = YES;
				CLANG_WARN_SUSPICIOUS_MOVE = YES;
				CLANG_WARN_UNGUARDED_AVAILABILITY = YES_AGGRESSIVE;
				CLANG_WARN_UNREACHABLE_CODE = YES;
				CLANG_WARN__DUPLICATE_METHOD_MATCH = YES;
				COPY_PHASE_STRIP = NO;
				DEBUG_INFORMATION_FORMAT = dwarf;
				ENABLE_STRICT_OBJC_MSGSEND = YES;
				ENABLE_TESTABILITY = YES;
				GCC_C_LANGUAGE_STANDARD = gnu11;
				GCC_DYNAMIC_NO_PIC = NO;
				GCC_NO_COMMON_BLOCKS = YES;
				GCC_OPTIMIZATION_LEVEL = 0;
				GCC_PREPROCESSOR_DEFINITIONS = (
					"DEBUG=1",
					"$(inherited)",
				);
				GCC_WARN_64_TO_32_BIT_CONVERSION = YES;
				GCC_WARN_ABOUT_RETURN_TYPE = YES_ERROR;
				GCC_WARN_UNDECLARED_SELECTOR = YES;
				GCC_WARN_UNINITIALIZED_AUTOS = YES_AGGRESSIVE;
				GCC_WARN_UNUSED_FUNCTION = YES;
				GCC_WARN_UNUSED_VARIABLE = YES;
				IPHONEOS_DEPLOYMENT_TARGET = 13.6;
				MTL_ENABLE_DEBUG_INFO = INCLUDE_SOURCE;
				MTL_FAST_MATH = YES;
				ONLY_ACTIVE_ARCH = YES;
				SDKROOT = iphoneos;
				SWIFT_ACTIVE_COMPILATION_CONDITIONS = DEBUG;
				SWIFT_OPTIMIZATION_LEVEL = "-Onone";
			};
			name = Debug;
		};
		6F421B532553B68000005240 /* Release */ = {
			isa = XCBuildConfiguration;
			buildSettings = {
				ALWAYS_SEARCH_USER_PATHS = NO;
				CLANG_ANALYZER_NONNULL = YES;
				CLANG_ANALYZER_NUMBER_OBJECT_CONVERSION = YES_AGGRESSIVE;
				CLANG_CXX_LANGUAGE_STANDARD = "gnu++14";
				CLANG_CXX_LIBRARY = "libc++";
				CLANG_ENABLE_MODULES = YES;
				CLANG_ENABLE_OBJC_ARC = YES;
				CLANG_ENABLE_OBJC_WEAK = YES;
				CLANG_WARN_BLOCK_CAPTURE_AUTORELEASING = YES;
				CLANG_WARN_BOOL_CONVERSION = YES;
				CLANG_WARN_COMMA = YES;
				CLANG_WARN_CONSTANT_CONVERSION = YES;
				CLANG_WARN_DEPRECATED_OBJC_IMPLEMENTATIONS = YES;
				CLANG_WARN_DIRECT_OBJC_ISA_USAGE = YES_ERROR;
				CLANG_WARN_DOCUMENTATION_COMMENTS = YES;
				CLANG_WARN_EMPTY_BODY = YES;
				CLANG_WARN_ENUM_CONVERSION = YES;
				CLANG_WARN_INFINITE_RECURSION = YES;
				CLANG_WARN_INT_CONVERSION = YES;
				CLANG_WARN_NON_LITERAL_NULL_CONVERSION = YES;
				CLANG_WARN_OBJC_IMPLICIT_RETAIN_SELF = YES;
				CLANG_WARN_OBJC_LITERAL_CONVERSION = YES;
				CLANG_WARN_OBJC_ROOT_CLASS = YES_ERROR;
				CLANG_WARN_RANGE_LOOP_ANALYSIS = YES;
				CLANG_WARN_STRICT_PROTOTYPES = YES;
				CLANG_WARN_SUSPICIOUS_MOVE = YES;
				CLANG_WARN_UNGUARDED_AVAILABILITY = YES_AGGRESSIVE;
				CLANG_WARN_UNREACHABLE_CODE = YES;
				CLANG_WARN__DUPLICATE_METHOD_MATCH = YES;
				COPY_PHASE_STRIP = NO;
				DEBUG_INFORMATION_FORMAT = "dwarf-with-dsym";
				ENABLE_NS_ASSERTIONS = NO;
				ENABLE_STRICT_OBJC_MSGSEND = YES;
				GCC_C_LANGUAGE_STANDARD = gnu11;
				GCC_NO_COMMON_BLOCKS = YES;
				GCC_WARN_64_TO_32_BIT_CONVERSION = YES;
				GCC_WARN_ABOUT_RETURN_TYPE = YES_ERROR;
				GCC_WARN_UNDECLARED_SELECTOR = YES;
				GCC_WARN_UNINITIALIZED_AUTOS = YES_AGGRESSIVE;
				GCC_WARN_UNUSED_FUNCTION = YES;
				GCC_WARN_UNUSED_VARIABLE = YES;
				IPHONEOS_DEPLOYMENT_TARGET = 13.6;
				MTL_ENABLE_DEBUG_INFO = NO;
				MTL_FAST_MATH = YES;
				SDKROOT = iphoneos;
				SWIFT_COMPILATION_MODE = wholemodule;
				SWIFT_OPTIMIZATION_LEVEL = "-O";
				VALIDATE_PRODUCT = YES;
			};
			name = Release;
		};
		6F421B552553B68000005240 /* Debug */ = {
			isa = XCBuildConfiguration;
			baseConfigurationReference = B98F4A8BA8E758C3373D37CA /* Pods-YYxTemplate_51Area.debug.xcconfig */;
			buildSettings = {
				ASSETCATALOG_COMPILER_APPICON_NAME = AppIcon;
				CODE_SIGN_STYLE = Automatic;
				INFOPLIST_FILE = YYxTemplate_51Area/Info.plist;
				LD_RUNPATH_SEARCH_PATHS = (
					"$(inherited)",
					"@executable_path/Frameworks",
				);
				PRODUCT_BUNDLE_IDENTIFIER = "yyx.YYxTemplate-51Area";
				PRODUCT_NAME = "$(TARGET_NAME)";
				SWIFT_VERSION = 5.0;
				TARGETED_DEVICE_FAMILY = "1,2";
			};
			name = Debug;
		};
		6F421B562553B68000005240 /* Release */ = {
			isa = XCBuildConfiguration;
			baseConfigurationReference = A45DF08B520FEA139D6C2DBD /* Pods-YYxTemplate_51Area.release.xcconfig */;
			buildSettings = {
				ASSETCATALOG_COMPILER_APPICON_NAME = AppIcon;
				CODE_SIGN_STYLE = Automatic;
				INFOPLIST_FILE = YYxTemplate_51Area/Info.plist;
				LD_RUNPATH_SEARCH_PATHS = (
					"$(inherited)",
					"@executable_path/Frameworks",
				);
				PRODUCT_BUNDLE_IDENTIFIER = "yyx.YYxTemplate-51Area";
				PRODUCT_NAME = "$(TARGET_NAME)";
				SWIFT_VERSION = 5.0;
				TARGETED_DEVICE_FAMILY = "1,2";
			};
			name = Release;
		};
		6F421B582553B68000005240 /* Debug */ = {
			isa = XCBuildConfiguration;
			baseConfigurationReference = 66F60842DD317FE90E4455E3 /* Pods-YYxTemplate_51AreaTests.debug.xcconfig */;
			buildSettings = {
				ALWAYS_EMBED_SWIFT_STANDARD_LIBRARIES = YES;
				BUNDLE_LOADER = "$(TEST_HOST)";
				CODE_SIGN_STYLE = Automatic;
				INFOPLIST_FILE = YYxTemplate_51AreaTests/Info.plist;
				IPHONEOS_DEPLOYMENT_TARGET = 13.6;
				LD_RUNPATH_SEARCH_PATHS = (
					"$(inherited)",
					"@executable_path/Frameworks",
					"@loader_path/Frameworks",
				);
				PRODUCT_BUNDLE_IDENTIFIER = "yyx.YYxTemplate-51AreaTests";
				PRODUCT_NAME = "$(TARGET_NAME)";
				SWIFT_VERSION = 5.0;
				TARGETED_DEVICE_FAMILY = "1,2";
				TEST_HOST = "$(BUILT_PRODUCTS_DIR)/YYxTemplate_51Area.app/YYxTemplate_51Area";
			};
			name = Debug;
		};
		6F421B592553B68000005240 /* Release */ = {
			isa = XCBuildConfiguration;
			baseConfigurationReference = 90BAA3EDBBC764746EDC35F0 /* Pods-YYxTemplate_51AreaTests.release.xcconfig */;
			buildSettings = {
				ALWAYS_EMBED_SWIFT_STANDARD_LIBRARIES = YES;
				BUNDLE_LOADER = "$(TEST_HOST)";
				CODE_SIGN_STYLE = Automatic;
				INFOPLIST_FILE = YYxTemplate_51AreaTests/Info.plist;
				IPHONEOS_DEPLOYMENT_TARGET = 13.6;
				LD_RUNPATH_SEARCH_PATHS = (
					"$(inherited)",
					"@executable_path/Frameworks",
					"@loader_path/Frameworks",
				);
				PRODUCT_BUNDLE_IDENTIFIER = "yyx.YYxTemplate-51AreaTests";
				PRODUCT_NAME = "$(TARGET_NAME)";
				SWIFT_VERSION = 5.0;
				TARGETED_DEVICE_FAMILY = "1,2";
				TEST_HOST = "$(BUILT_PRODUCTS_DIR)/YYxTemplate_51Area.app/YYxTemplate_51Area";
			};
			name = Release;
		};
		6F421B5B2553B68000005240 /* Debug */ = {
			isa = XCBuildConfiguration;
			baseConfigurationReference = 645DB4F585B99EE4FB373804 /* Pods-YYxTemplate_51Area-YYxTemplate_51AreaUITests.debug.xcconfig */;
			buildSettings = {
				ALWAYS_EMBED_SWIFT_STANDARD_LIBRARIES = YES;
				CODE_SIGN_STYLE = Automatic;
				INFOPLIST_FILE = YYxTemplate_51AreaUITests/Info.plist;
				LD_RUNPATH_SEARCH_PATHS = (
					"$(inherited)",
					"@executable_path/Frameworks",
					"@loader_path/Frameworks",
				);
				PRODUCT_BUNDLE_IDENTIFIER = "yyx.YYxTemplate-51AreaUITests";
				PRODUCT_NAME = "$(TARGET_NAME)";
				SWIFT_VERSION = 5.0;
				TARGETED_DEVICE_FAMILY = "1,2";
				TEST_TARGET_NAME = YYxTemplate_51Area;
			};
			name = Debug;
		};
		6F421B5C2553B68000005240 /* Release */ = {
			isa = XCBuildConfiguration;
			baseConfigurationReference = 460928ACAF4DAEA96B4DBDB0 /* Pods-YYxTemplate_51Area-YYxTemplate_51AreaUITests.release.xcconfig */;
			buildSettings = {
				ALWAYS_EMBED_SWIFT_STANDARD_LIBRARIES = YES;
				CODE_SIGN_STYLE = Automatic;
				INFOPLIST_FILE = YYxTemplate_51AreaUITests/Info.plist;
				LD_RUNPATH_SEARCH_PATHS = (
					"$(inherited)",
					"@executable_path/Frameworks",
					"@loader_path/Frameworks",
				);
				PRODUCT_BUNDLE_IDENTIFIER = "yyx.YYxTemplate-51AreaUITests";
				PRODUCT_NAME = "$(TARGET_NAME)";
				SWIFT_VERSION = 5.0;
				TARGETED_DEVICE_FAMILY = "1,2";
				TEST_TARGET_NAME = YYxTemplate_51Area;
			};
			name = Release;
		};
/* End XCBuildConfiguration section */

/* Begin XCConfigurationList section */
		6F421B222553B67D00005240 /* Build configuration list for PBXProject "YYxTemplate_51Area" */ = {
			isa = XCConfigurationList;
			buildConfigurations = (
				6F421B522553B68000005240 /* Debug */,
				6F421B532553B68000005240 /* Release */,
			);
			defaultConfigurationIsVisible = 0;
			defaultConfigurationName = Release;
		};
		6F421B542553B68000005240 /* Build configuration list for PBXNativeTarget "YYxTemplate_51Area" */ = {
			isa = XCConfigurationList;
			buildConfigurations = (
				6F421B552553B68000005240 /* Debug */,
				6F421B562553B68000005240 /* Release */,
			);
			defaultConfigurationIsVisible = 0;
			defaultConfigurationName = Release;
		};
		6F421B572553B68000005240 /* Build configuration list for PBXNativeTarget "YYxTemplate_51AreaTests" */ = {
			isa = XCConfigurationList;
			buildConfigurations = (
				6F421B582553B68000005240 /* Debug */,
				6F421B592553B68000005240 /* Release */,
			);
			defaultConfigurationIsVisible = 0;
			defaultConfigurationName = Release;
		};
		6F421B5A2553B68000005240 /* Build configuration list for PBXNativeTarget "YYxTemplate_51AreaUITests" */ = {
			isa = XCConfigurationList;
			buildConfigurations = (
				6F421B5B2553B68000005240 /* Debug */,
				6F421B5C2553B68000005240 /* Release */,
			);
			defaultConfigurationIsVisible = 0;
			defaultConfigurationName = Release;
		};
/* End XCConfigurationList section */

/* Begin XCVersionGroup section */
		6F421B332553B67D00005240 /* YYxTemplate_51Area.xcdatamodeld */ = {
			isa = XCVersionGroup;
			children = (
				6F421B342553B67D00005240 /* YYxTemplate_51Area.xcdatamodel */,
			);
			currentVersion = 6F421B342553B67D00005240 /* YYxTemplate_51Area.xcdatamodel */;
			path = YYxTemplate_51Area.xcdatamodeld;
			sourceTree = "<group>";
			versionGroupType = wrapper.xcdatamodel;
		};
/* End XCVersionGroup section */
	};
	rootObject = 6F421B1F2553B67D00005240 /* Project object */;
}
